
Microsoft Visual Studio Solution File, Format Version 12.00
# Visual Studio Version 17
VisualStudioVersion = 17.0.32014.148
MinimumVisualStudioVersion = 10.0.40219.1
Project("{FAE04EC0-301F-11D3-BF4B-00C04F79EFBC}") = "UILayer", "UILayer\UILayer.csproj", "{1F17F378-F883-4AFC-81F5-EC8688501034}"
EndProject
Global
	GlobalSection(SolutionConfigurationPlatforms) = preSolution
		Debug|Any CPU = Debug|Any CPU
		Release|Any CPU = Release|Any CPU
	EndGlobalSection
	GlobalSection(ProjectConfigurationPlatforms) = postSolution
		{1F17F378-F883-4AFC-81F5-EC8688501034}.Debug|Any CPU.ActiveCfg = Debug|Any CPU
		{1F17F378-F883-4AFC-81F5-EC8688501034}.Debug|Any CPU.Build.0 = Debug|Any CPU
		{1F17F378-F883-4AFC-81F5-EC8688501034}.Release|Any CPU.ActiveCfg = Release|Any CPU
		{1F17F378-F883-4AFC-81F5-EC8688501034}.Release|Any CPU.Build.0 = Release|Any CPU
	EndGlobalSection
	GlobalSection(SolutionProperties) = preSolution
		HideSolutionNode = FALSE
	EndGlobalSection
	GlobalSection(ExtensibilityGlobals) = postSolution
		SolutionGuid = {CDE1B00F-EA8A-4041-A144-0C5FF0BB66EB}
	EndGlobalSection
EndGlobal
